// !$*UTF8*$!
{
	archiveVersion = 1;
	classes = {
	};
	objectVersion = 56;
	objects = {

/* Begin PBXBuildFile section */
		6F6251112AB61228007841EE /* one_forty_wordsApp.swift in Sources */ = {isa = PBXBuildFile; fileRef = 6F6251102AB61228007841EE /* one_forty_wordsApp.swift */; };
		6F6251132AB61228007841EE /* ContentView.swift in Sources */ = {isa = PBXBuildFile; fileRef = 6F6251122AB61228007841EE /* ContentView.swift */; };
		6F6251152AB61229007841EE /* Assets.xcassets in Resources */ = {isa = PBXBuildFile; fileRef = 6F6251142AB61229007841EE /* Assets.xcassets */; };
		6F6251182AB61229007841EE /* Preview Assets.xcassets in Resources */ = {isa = PBXBuildFile; fileRef = 6F6251172AB61229007841EE /* Preview Assets.xcassets */; };
		6F62511A2AB61229007841EE /* Persistence.swift in Sources */ = {isa = PBXBuildFile; fileRef = 6F6251192AB61229007841EE /* Persistence.swift */; };
		6F62511D2AB61229007841EE /* one_forty_words.xcdatamodeld in Sources */ = {isa = PBXBuildFile; fileRef = 6F62511B2AB61229007841EE /* one_forty_words.xcdatamodeld */; };
/* End PBXBuildFile section */

/* Begin PBXFileReference section */
		6F62510D2AB61228007841EE /* one-forty-words.app */ = {isa = PBXFileReference; explicitFileType = wrapper.application; includeInIndex = 0; path = "one-forty-words.app"; sourceTree = BUILT_PRODUCTS_DIR; };
		6F6251102AB61228007841EE /* one_forty_wordsApp.swift */ = {isa = PBXFileReference; lastKnownFileType = sourcecode.swift; path = one_forty_wordsApp.swift; sourceTree = "<group>"; };
		6F6251122AB61228007841EE /* ContentView.swift */ = {isa = PBXFileReference; lastKnownFileType = sourcecode.swift; path = ContentView.swift; sourceTree = "<group>"; };
		6F6251142AB61229007841EE /* Assets.xcassets */ = {isa = PBXFileReference; lastKnownFileType = folder.assetcatalog; path = Assets.xcassets; sourceTree = "<group>"; };
		6F6251172AB61229007841EE /* Preview Assets.xcassets */ = {isa = PBXFileReference; lastKnownFileType = folder.assetcatalog; path = "Preview Assets.xcassets"; sourceTree = "<group>"; };
		6F6251192AB61229007841EE /* Persistence.swift */ = {isa = PBXFileReference; lastKnownFileType = sourcecode.swift; path = Persistence.swift; sourceTree = "<group>"; };
		6F62511C2AB61229007841EE /* one_forty_words.xcdatamodel */ = {isa = PBXFileReference; lastKnownFileType = wrapper.xcdatamodel; path = one_forty_words.xcdatamodel; sourceTree = "<group>"; };
		6F62511E2AB61229007841EE /* one_forty_words.entitlements */ = {isa = PBXFileReference; lastKnownFileType = text.plist.entitlements; path = one_forty_words.entitlements; sourceTree = "<group>"; };
/* End PBXFileReference section */

/* Begin PBXFrameworksBuildPhase section */
		6F62510A2AB61228007841EE /* Frameworks */ = {
			isa = PBXFrameworksBuildPhase;
			buildActionMask = 2147483647;
			files = (
			);
			runOnlyForDeploymentPostprocessing = 0;
		};
/* End PBXFrameworksBuildPhase section */

/* Begin PBXGroup section */
		6F6251042AB61228007841EE = {
			isa = PBXGroup;
			children = (
				6F62510F2AB61228007841EE /* one-forty-words */,
				6F62510E2AB61228007841EE /* Products */,
			);
			sourceTree = "<group>";
		};
		6F62510E2AB61228007841EE /* Products */ = {
			isa = PBXGroup;
			children = (
				6F62510D2AB61228007841EE /* one-forty-words.app */,
			);
			name = Products;
			sourceTree = "<group>";
		};
		6F62510F2AB61228007841EE /* one-forty-words */ = {
			isa = PBXGroup;
			children = (
				6F6251102AB61228007841EE /* one_forty_wordsApp.swift */,
				6F6251122AB61228007841EE /* ContentView.swift */,
				6F6251142AB61229007841EE /* Assets.xcassets */,
				6F6251192AB61229007841EE /* Persistence.swift */,
				6F62511E2AB61229007841EE /* one_forty_words.entitlements */,
				6F62511B2AB61229007841EE /* one_forty_words.xcdatamodeld */,
				6F6251162AB61229007841EE /* Preview Content */,
			);
			path = "one-forty-words";
			sourceTree = "<group>";
		};
		6F6251162AB61229007841EE /* Preview Content */ = {
			isa = PBXGroup;
			children = (
				6F6251172AB61229007841EE /* Preview Assets.xcassets */,
			);
			path = "Preview Content";
			sourceTree = "<group>";
		};
/* End PBXGroup section */

/* Begin PBXNativeTarget section */
		6F62510C2AB61228007841EE /* one-forty-words */ = {
			isa = PBXNativeTarget;
			buildConfigurationList = 6F6251212AB61229007841EE /* Build configuration list for PBXNativeTarget "one-forty-words" */;
			buildPhases = (
				6F6251092AB61228007841EE /* Sources */,
				6F62510A2AB61228007841EE /* Frameworks */,
				6F62510B2AB61228007841EE /* Resources */,
			);
			buildRules = (
			);
			dependencies = (
			);
			name = "one-forty-words";
			productName = "one-forty-words";
			productReference = 6F62510D2AB61228007841EE /* one-forty-words.app */;
			productType = "com.apple.product-type.application";
		};
/* End PBXNativeTarget section */

/* Begin PBXProject section */
		6F6251052AB61228007841EE /* Project object */ = {
			isa = PBXProject;
			attributes = {
				BuildIndependentTargetsInParallel = 1;
				LastSwiftUpdateCheck = 1420;
				LastUpgradeCheck = 1420;
				TargetAttributes = {
					6F62510C2AB61228007841EE = {
						CreatedOnToolsVersion = 14.2;
					};
				};
			};
			buildConfigurationList = 6F6251082AB61228007841EE /* Build configuration list for PBXProject "one-forty-words" */;
			compatibilityVersion = "Xcode 14.0";
			developmentRegion = en;
			hasScannedForEncodings = 0;
			knownRegions = (
				en,
				Base,
			);
			mainGroup = 6F6251042AB61228007841EE;
			productRefGroup = 6F62510E2AB61228007841EE /* Products */;
			projectDirPath = "";
			projectRoot = "";
			targets = (
				6F62510C2AB61228007841EE /* one-forty-words */,
			);
		};
/* End PBXProject section */

/* Begin PBXResourcesBuildPhase section */
		6F62510B2AB61228007841EE /* Resources */ = {
			isa = PBXResourcesBuildPhase;
			buildActionMask = 2147483647;
			files = (
				6F6251182AB61229007841EE /* Preview Assets.xcassets in Resources */,
				6F6251152AB61229007841EE /* Assets.xcassets in Resources */,
			);
			runOnlyForDeploymentPostprocessing = 0;
		};
/* End PBXResourcesBuildPhase section */

/* Begin PBXSourcesBuildPhase section */
		6F6251092AB61228007841EE /* Sources */ = {
			isa = PBXSourcesBuildPhase;
			buildActionMask = 2147483647;
			files = (
				6F62511A2AB61229007841EE /* Persistence.swift in Sources */,
				6F6251132AB61228007841EE /* ContentView.swift in Sources */,
				6F6251112AB61228007841EE /* one_forty_wordsApp.swift in Sources */,
				6F62511D2AB61229007841EE /* one_forty_words.xcdatamodeld in Sources */,
			);
			runOnlyForDeploymentPostprocessing = 0;
		};
/* End PBXSourcesBuildPhase section */

/* Begin XCBuildConfiguration section */
		6F62511F2AB61229007841EE /* Debug */ = {
			isa = XCBuildConfiguration;
			buildSettings = {
				ALWAYS_SEARCH_USER_PATHS = NO;
				CLANG_ANALYZER_NONNULL = YES;
				CLANG_ANALYZER_NUMBER_OBJECT_CONVERSION = YES_AGGRESSIVE;
				CLANG_CXX_LANGUAGE_STANDARD = "gnu++20";
				CLANG_ENABLE_MODULES = YES;
				CLANG_ENABLE_OBJC_ARC = YES;
				CLANG_ENABLE_OBJC_WEAK = YES;
				CLANG_WARN_BLOCK_CAPTURE_AUTORELEASING = YES;
				CLANG_WARN_BOOL_CONVERSION = YES;
				CLANG_WARN_COMMA = YES;
				CLANG_WARN_CONSTANT_CONVERSION = YES;
				CLANG_WARN_DEPRECATED_OBJC_IMPLEMENTATIONS = YES;
				CLANG_WARN_DIRECT_OBJC_ISA_USAGE = YES_ERROR;
				CLANG_WARN_DOCUMENTATION_COMMENTS = YES;
				CLANG_WARN_EMPTY_BODY = YES;
				CLANG_WARN_ENUM_CONVERSION = YES;
				CLANG_WARN_INFINITE_RECURSION = YES;
				CLANG_WARN_INT_CONVERSION = YES;
				CLANG_WARN_NON_LITERAL_NULL_CONVERSION = YES;
				CLANG_WARN_OBJC_IMPLICIT_RETAIN_SELF = YES;
				CLANG_WARN_OBJC_LITERAL_CONVERSION = YES;
				CLANG_WARN_OBJC_ROOT_CLASS = YES_ERROR;
				CLANG_WARN_QUOTED_INCLUDE_IN_FRAMEWORK_HEADER = YES;
				CLANG_WARN_RANGE_LOOP_ANALYSIS = YES;
				CLANG_WARN_STRICT_PROTOTYPES = YES;
				CLANG_WARN_SUSPICIOUS_MOVE = YES;
				CLANG_WARN_UNGUARDED_AVAILABILITY = YES_AGGRESSIVE;
				CLANG_WARN_UNREACHABLE_CODE = YES;
				CLANG_WARN__DUPLICATE_METHOD_MATCH = YES;
				COPY_PHASE_STRIP = NO;
				DEBUG_INFORMATION_FORMAT = dwarf;
				ENABLE_STRICT_OBJC_MSGSEND = YES;
				ENABLE_TESTABILITY = YES;
				GCC_C_LANGUAGE_STANDARD = gnu11;
				GCC_DYNAMIC_NO_PIC = NO;
				GCC_NO_COMMON_BLOCKS = YES;
				GCC_OPTIMIZATION_LEVEL = 0;
				GCC_PREPROCESSOR_DEFINITIONS = (
					"DEBUG=1",
					"$(inherited)",
				);
				GCC_WARN_64_TO_32_BIT_CONVERSION = YES;
				GCC_WARN_ABOUT_RETURN_TYPE = YES_ERROR;
				GCC_WARN_UNDECLARED_SELECTOR = YES;
				GCC_WARN_UNINITIALIZED_AUTOS = YES_AGGRESSIVE;
				GCC_WARN_UNUSED_FUNCTION = YES;
				GCC_WARN_UNUSED_VARIABLE = YES;
				MACOSX_DEPLOYMENT_TARGET = 12.6;
				MTL_ENABLE_DEBUG_INFO = INCLUDE_SOURCE;
				MTL_FAST_MATH = YES;
				ONLY_ACTIVE_ARCH = YES;
				SDKROOT = macosx;
				SWIFT_ACTIVE_COMPILATION_CONDITIONS = DEBUG;
				SWIFT_OPTIMIZATION_LEVEL = "-Onone";
			};
			name = Debug;
		};
		6F6251202AB61229007841EE /* Release */ = {
			isa = XCBuildConfiguration;
			buildSettings = {
				ALWAYS_SEARCH_USER_PATHS = NO;
				CLANG_ANALYZER_NONNULL = YES;
				CLANG_ANALYZER_NUMBER_OBJECT_CONVERSION = YES_AGGRESSIVE;
				CLANG_CXX_LANGUAGE_STANDARD = "gnu++20";
				CLANG_ENABLE_MODULES = YES;
				CLANG_ENABLE_OBJC_ARC = YES;
				CLANG_ENABLE_OBJC_WEAK = YES;
				CLANG_WARN_BLOCK_CAPTURE_AUTORELEASING = YES;
				CLANG_WARN_BOOL_CONVERSION = YES;
				CLANG_WARN_COMMA = YES;
				CLANG_WARN_CONSTANT_CONVERSION = YES;
				CLANG_WARN_DEPRECATED_OBJC_IMPLEMENTATIONS = YES;
				CLANG_WARN_DIRECT_OBJC_ISA_USAGE = YES_ERROR;
				CLANG_WARN_DOCUMENTATION_COMMENTS = YES;
				CLANG_WARN_EMPTY_BODY = YES;
				CLANG_WARN_ENUM_CONVERSION = YES;
				CLANG_WARN_INFINITE_RECURSION = YES;
				CLANG_WARN_INT_CONVERSION = YES;
				CLANG_WARN_NON_LITERAL_NULL_CONVERSION = YES;
				CLANG_WARN_OBJC_IMPLICIT_RETAIN_SELF = YES;
				CLANG_WARN_OBJC_LITERAL_CONVERSION = YES;
				CLANG_WARN_OBJC_ROOT_CLASS = YES_ERROR;
				CLANG_WARN_QUOTED_INCLUDE_IN_FRAMEWORK_HEADER = YES;
				CLANG_WARN_RANGE_LOOP_ANALYSIS = YES;
				CLANG_WARN_STRICT_PROTOTYPES = YES;
				CLANG_WARN_SUSPICIOUS_MOVE = YES;
				CLANG_WARN_UNGUARDED_AVAILABILITY = YES_AGGRESSIVE;
				CLANG_WARN_UNREACHABLE_CODE = YES;
				CLANG_WARN__DUPLICATE_METHOD_MATCH = YES;
				COPY_PHASE_STRIP = NO;
				DEBUG_INFORMATION_FORMAT = "dwarf-with-dsym";
				ENABLE_NS_ASSERTIONS = NO;
				ENABLE_STRICT_OBJC_MSGSEND = YES;
				GCC_C_LANGUAGE_STANDARD = gnu11;
				GCC_NO_COMMON_BLOCKS = YES;
				GCC_WARN_64_TO_32_BIT_CONVERSION = YES;
				GCC_WARN_ABOUT_RETURN_TYPE = YES_ERROR;
				GCC_WARN_UNDECLARED_SELECTOR = YES;
				GCC_WARN_UNINITIALIZED_AUTOS = YES_AGGRESSIVE;
				GCC_WARN_UNUSED_FUNCTION = YES;
				GCC_WARN_UNUSED_VARIABLE = YES;
				MACOSX_DEPLOYMENT_TARGET = 12.6;
				MTL_ENABLE_DEBUG_INFO = NO;
				MTL_FAST_MATH = YES;
				SDKROOT = macosx;
				SWIFT_COMPILATION_MODE = wholemodule;
				SWIFT_OPTIMIZATION_LEVEL = "-O";
			};
			name = Release;
		};
		6F6251222AB61229007841EE /* Debug */ = {
			isa = XCBuildConfiguration;
			buildSettings = {
				ASSETCATALOG_COMPILER_APPICON_NAME = AppIcon;
				ASSETCATALOG_COMPILER_GLOBAL_ACCENT_COLOR_NAME = AccentColor;
				CODE_SIGN_ENTITLEMENTS = "one-forty-words/one_forty_words.entitlements";
				CODE_SIGN_STYLE = Automatic;
				COMBINE_HIDPI_IMAGES = YES;
				CURRENT_PROJECT_VERSION = 1;
				DEVELOPMENT_ASSET_PATHS = "\"one-forty-words/Preview Content\"";
				ENABLE_PREVIEWS = YES;
				GENERATE_INFOPLIST_FILE = YES;
				INFOPLIST_KEY_NSHumanReadableCopyright = "";
				LD_RUNPATH_SEARCH_PATHS = (
					"$(inherited)",
					"@executable_path/../Frameworks",
				);
				MARKETING_VERSION = 1.0;
				PRODUCT_BUNDLE_IDENTIFIER = "net.billmaya.one-forty-words";
				PRODUCT_NAME = "$(TARGET_NAME)";
				SWIFT_EMIT_LOC_STRINGS = YES;
				SWIFT_VERSION = 5.0;
			};
			name = Debug;
		};
		6F6251232AB61229007841EE /* Release */ = {
			isa = XCBuildConfiguration;
			buildSettings = {
				ASSETCATALOG_COMPILER_APPICON_NAME = AppIcon;
				ASSETCATALOG_COMPILER_GLOBAL_ACCENT_COLOR_NAME = AccentColor;
				CODE_SIGN_ENTITLEMENTS = "one-forty-words/one_forty_words.entitlements";
				CODE_SIGN_STYLE = Automatic;
				COMBINE_HIDPI_IMAGES = YES;
				CURRENT_PROJECT_VERSION = 1;
				DEVELOPMENT_ASSET_PATHS = "\"one-forty-words/Preview Content\"";
				ENABLE_PREVIEWS = YES;
				GENERATE_INFOPLIST_FILE = YES;
				INFOPLIST_KEY_NSHumanReadableCopyright = "";
				LD_RUNPATH_SEARCH_PATHS = (
					"$(inherited)",
					"@executable_path/../Frameworks",
				);
				MARKETING_VERSION = 1.0;
				PRODUCT_BUNDLE_IDENTIFIER = "net.billmaya.one-forty-words";
				PRODUCT_NAME = "$(TARGET_NAME)";
				SWIFT_EMIT_LOC_STRINGS = YES;
				SWIFT_VERSION = 5.0;
			};
			name = Release;
		};
/* End XCBuildConfiguration section */

/* Begin XCConfigurationList section */
		6F6251082AB61228007841EE /* Build configuration list for PBXProject "one-forty-words" */ = {
			isa = XCConfigurationList;
			buildConfigurations = (
				6F62511F2AB61229007841EE /* Debug */,
				6F6251202AB61229007841EE /* Release */,
			);
			defaultConfigurationIsVisible = 0;
			defaultConfigurationName = Release;
		};
		6F6251212AB61229007841EE /* Build configuration list for PBXNativeTarget "one-forty-words" */ = {
			isa = XCConfigurationList;
			buildConfigurations = (
				6F6251222AB61229007841EE /* Debug */,
				6F6251232AB61229007841EE /* Release */,
			);
			defaultConfigurationIsVisible = 0;
			defaultConfigurationName = Release;
		};
/* End XCConfigurationList section */

/* Begin XCVersionGroup section */
		6F62511B2AB61229007841EE /* one_forty_words.xcdatamodeld */ = {
			isa = XCVersionGroup;
			children = (
				6F62511C2AB61229007841EE /* one_forty_words.xcdatamodel */,
			);
			currentVersion = 6F62511C2AB61229007841EE /* one_forty_words.xcdatamodel */;
			path = one_forty_words.xcdatamodeld;
			sourceTree = "<group>";
			versionGroupType = wrapper.xcdatamodel;
		};
/* End XCVersionGroup section */
	};
	rootObject = 6F6251052AB61228007841EE /* Project object */;
}
